
Microsoft Visual Studio Solution File, Format Version 12.00
Project("{FAE04EC0-301F-11D3-BF4B-00C04F79EFBC}") = "ProdToolDOOM", "ProdToolDOOM.csproj", "{8F2325CF-9B14-41B9-8E44-865084B77DB9}"
EndProject
Global
	GlobalSection(SolutionConfigurationPlatforms) = preSolution
		Release|WINDOWS = Release|WINDOWS
		Debug|WINDOWS = Debug|WINDOWS
	EndGlobalSection
	GlobalSection(ProjectConfigurationPlatforms) = postSolution
		{8F2325CF-9B14-41B9-8E44-865084B77DB9}.Debug|WINDOWS.ActiveCfg = Debug|Any CPU
		{8F2325CF-9B14-41B9-8E44-865084B77DB9}.Debug|WINDOWS.Build.0 = Debug|Any CPU
		{8F2325CF-9B14-41B9-8E44-865084B77DB9}.Release|WINDOWS.ActiveCfg = Debug|Any CPU
		{8F2325CF-9B14-41B9-8E44-865084B77DB9}.Release|WINDOWS.Build.0 = Debug|Any CPU
	EndGlobalSection
EndGlobal
